github.com/zaubermaerchen/khsier v0.7.0 h1:/oOZCXRw4B+eY6NdFyJP0q/LZ7kH4TK5ApbrVbTke0Y=
github.com/zaubermaerchen/khsier v0.7.0/go.mod h1:Ib3sV+zv3GFyzYSPfsSomELj0FzfH/pGLNE6Ws3PmyE=
golang.org/x/sys v0.29.0 h1:TPYlXGxvx1MGTn2GiZDhnjPA9wZzZeGKHHmKhHYvgaU=
golang.org/x/sys v0.29.0/go.mod h1:/VUhepiaJMQUp4+oa/7Zr1D23ma6VTLIYjOOTFZPUcA=
